
Microsoft Visual Studio Solution File, Format Version 12.00
# Visual Studio Version 17
VisualStudioVersion = 17.13.35931.197 d17.13
MinimumVisualStudioVersion = 10.0.40219.1
Project("{FAE04EC0-301F-11D3-BF4B-00C04F79EFBC}") = "FilePropertyViewer", "FilePropertyViewer\FilePropertyViewer.csproj", "{22D7DBE3-8C82-4E77-915D-C7817B05DA22}"
EndProject
Global
	GlobalSection(SolutionConfigurationPlatforms) = preSolution
		Debug|Any CPU = Debug|Any CPU
		Release|Any CPU = Release|Any CPU
	EndGlobalSection
	GlobalSection(ProjectConfigurationPlatforms) = postSolution
		{22D7DBE3-8C82-4E77-915D-C7817B05DA22}.Debug|Any CPU.ActiveCfg = Debug|Any CPU
		{22D7DBE3-8C82-4E77-915D-C7817B05DA22}.Debug|Any CPU.Build.0 = Debug|Any CPU
		{22D7DBE3-8C82-4E77-915D-C7817B05DA22}.Release|Any CPU.ActiveCfg = Release|Any CPU
		{22D7DBE3-8C82-4E77-915D-C7817B05DA22}.Release|Any CPU.Build.0 = Release|Any CPU
	EndGlobalSection
	GlobalSection(SolutionProperties) = preSolution
		HideSolutionNode = FALSE
	EndGlobalSection
	GlobalSection(ExtensibilityGlobals) = postSolution
		SolutionGuid = {D6C35659-F65C-4BD5-9D55-D1898FC1808E}
	EndGlobalSection
EndGlobal
